github.com/google/go-cmp v0.5.5 h1:Khx7svrCpmxxtHBq5j2mp/xVjsi8hQMfNLvJFAlrGgU=
github.com/google/go-cmp v0.5.5/go.mod h1:v8dTdLbMG2kIc/vJvl+f65V22dbkXbowE6jgT/gNBxE=
github.com/leep-frog/command v0.0.0-20220112151342-7fe90023cb19 h1:g8BqiL1H4XS//k0e70im+a/BruhnSSp2gzG3v23Drtc=
github.com/leep-frog/command v0.0.0-20220112151342-7fe90023cb19/go.mod h1:ir5/yEP+6f6CQa4NivSdA1lPeyq+nouR7WjSfdXnL8g=
github.com/leep-frog/command v0.0.0-20220121191544-e63808c1fae4 h1:CF1eedE+MhNPim680YTaZUCG3VlxbFKHaX26Xzn0TzI=
github.com/leep-frog/command v0.0.0-20220121191544-e63808c1fae4/go.mod h1:u8VAqAZpazWvSHp5wlOjmLTl3iK6TV/+UK/zTZREXdQ=
github.com/leep-frog/command v0.0.0-20220205190116-f4a9c32440a7 h1:4Jos40bPo0NSnL4nqiTLNTwThcyfqi+QsbD8o5BSErc=
github.com/leep-frog/command v0.0.0-20220205190116-f4a9c32440a7/go.mod h1:OzQO2ZTajdJFOAuNdry7N0CzRnW3BAnBGMVGC3pWQ3I=
github.com/leep-frog/command v0.0.0-20220303170403-ae088fdbf9cf h1:tKFt+RphCmh0UFY4m7WcS5VxhnV7hC/VIwbXc4PmWGU=
github.com/leep-frog/command v0.0.0-20220303170403-ae088fdbf9cf/go.mod h1:OzQO2ZTajdJFOAuNdry7N0CzRnW3BAnBGMVGC3pWQ3I=
github.com/leep-frog/command v0.0.0-20220321155643-b85b8463c7fa h1:H4rWNlO7XL82MTnAftg3JtPko/OLfsV1pqxhmrBwfqY=
github.com/leep-frog/command v0.0.0-20220321155643-b85b8463c7fa/go.mod h1:fENOaVkhnQ/AKhBy7Pbkpd2l65h9R5ZQEspLn6bjNIE=
github.com/leep-frog/command v0.0.0-20220501224242-4e9d9f579f35 h1:sSa7SLPvLrAvkdwt1bQtzwOoFzcCKVVnsok8k23ru94=
github.com/leep-frog/command v0.0.0-20220501224242-4e9d9f579f35/go.mod h1:fENOaVkhnQ/AKhBy7Pbkpd2l65h9R5ZQEspLn6bjNIE=
github.com/leep-frog/command v0.0.0-20220502012811-ab0a7316590b h1:rXvrva2ZQzTadot0XLLCr9k8C+Gmwj/tBvLHEvMpSLY=
github.com/leep-frog/command v0.0.0-20220502012811-ab0a7316590b/go.mod h1:fENOaVkhnQ/AKhBy7Pbkpd2l65h9R5ZQEspLn6bjNIE=
github.com/leep-frog/command v0.0.0-20220505190136-62a2bf362d30 h1:Z6wUAuJDacZ0imwZHxPOABq0bgnggE1acRH+ybqxr5g=
github.com/leep-frog/command v0.0.0-20220505190136-62a2bf362d30/go.mod h1:fENOaVkhnQ/AKhBy7Pbkpd2l65h9R5ZQEspLn6bjNIE=
github.com/leep-frog/command v0.0.0-20220505190845-5420dccef67d h1:aCEnYyJ+Z9DfycyMQvU1K/yYQmOsVVVHn2YlTMKAWKc=
github.com/leep-frog/command v0.0.0-20220505190845-5420dccef67d/go.mod h1:fENOaVkhnQ/AKhBy7Pbkpd2l65h9R5ZQEspLn6bjNIE=
github.com/leep-frog/command v0.0.0-20220506135200-e025de9d65b5 h1:hSn6BHEUaJt6QlY5cK2Bffl3TlWozSJ15lKRgXUR2NM=
github.com/leep-frog/command v0.0.0-20220506135200-e025de9d65b5/go.mod h1:fENOaVkhnQ/AKhBy7Pbkpd2l65h9R5ZQEspLn6bjNIE=
github.com/leep-frog/command v0.0.0-20220507010837-77301527602e h1:4cpMPEFkjJPXSZp+NBDbzliETM8l1S3vwVNdSsCp3dQ=
github.com/leep-frog/command v0.0.0-20220507010837-77301527602e/go.mod h1:fENOaVkhnQ/AKhBy7Pbkpd2l65h9R5ZQEspLn6bjNIE=
github.com/leep-frog/command v0.0.0-20220509181008-642cb03dc436 h1:PSoApqv78tcNs3EqsCtLeW9MKwnw1nbljaB+4uDVtZQ=
github.com/leep-frog/command v0.0.0-20220509181008-642cb03dc436/go.mod h1:fENOaVkhnQ/AKhBy7Pbkpd2l65h9R5ZQEspLn6bjNIE=
github.com/leep-frog/command v0.0.0-20220509202956-431395c94784 h1:401cJOPEHxKPk9pGfhtSzHEibsRXIP520mqRSEczQMQ=
github.com/leep-frog/command v0.0.0-20220509202956-431395c94784/go.mod h1:fENOaVkhnQ/AKhBy7Pbkpd2l65h9R5ZQEspLn6bjNIE=
github.com/leep-frog/command v0.0.0-20220529184927-b1b2ed676f3a h1:OHpOh6VIjl3xF66M1yVFVlwcFf3fIcx8mUG+Q8yGWkA=
github.com/leep-frog/command v0.0.0-20220529184927-b1b2ed676f3a/go.mod h1:fENOaVkhnQ/AKhBy7Pbkpd2l65h9R5ZQEspLn6bjNIE=
github.com/leep-frog/command v0.0.0-20220602123407-aba769a7529b h1:RHS4B2IUxjCP4PU+a+IXTpcweI+c1QX5aINQea2ubng=
github.com/leep-frog/command v0.0.0-20220602123407-aba769a7529b/go.mod h1:Rd1Wj9R6mxmO2cPMosUt72SwGFr68HOdykDbwVMwWE4=
github.com/leep-frog/command v0.0.0-20220616125419-3e4b6173b748 h1:lt/rGe67GjrEKHOfI5pZ9vVZQv4pBy1F8lQBv1COGEc=
github.com/leep-frog/command v0.0.0-20220616125419-3e4b6173b748/go.mod h1:Rd1Wj9R6mxmO2cPMosUt72SwGFr68HOdykDbwVMwWE4=
github.com/leep-frog/command v0.0.0-20220616160427-45f54a9e37dc h1:e5yGVKnwj5yZ0YPuxSdFCCW0vOc1vA8cLthOaJZojjo=
github.com/leep-frog/command v0.0.0-20220616160427-45f54a9e37dc/go.mod h1:Rd1Wj9R6mxmO2cPMosUt72SwGFr68HOdykDbwVMwWE4=
github.com/leep-frog/command v0.0.0-20220702141349-b91d0d4e5921 h1:dat98v80eQ6jZ55m3Kdnv68hO7b6yedhDmZcmEM9REI=
github.com/leep-frog/command v0.0.0-20220702141349-b91d0d4e5921/go.mod h1:Rd1Wj9R6mxmO2cPMosUt72SwGFr68HOdykDbwVMwWE4=
golang.org/x/exp v0.0.0-20220321124402-2d6d886f8a82 h1:P3h2IfqHFILVjDaCKXyuKMprdEyIbrbKevbf2EB6lQI=
golang.org/x/exp v0.0.0-20220321124402-2d6d886f8a82/go.mod h1:lgLbSvA5ygNOMpwM/9anMpWVlVJ7Z+cHWq/eFuinpGE=
golang.org/x/mod v0.6.0-dev.0.20211013180041-c96bc1413d57 h1:LQmS1nU0twXLA96Kt7U9qtHJEbBk3z6Q0V4UXjZkpr4=
golang.org/x/xerrors v0.0.0-20191204190536-9bdfabe68543 h1:E7g+9GITq07hpfrRu66IVDexMakfv52eLZ2CXBWiKr4=
golang.org/x/xerrors v0.0.0-20191204190536-9bdfabe68543/go.mod h1:I/5z698sn9Ka8TeJc9MKroUUfqBBauWjQqLJ2OPfmY0=
golang.org/x/xerrors v0.0.0-20200804184101-5ec99f83aff1 h1:go1bK/D/BFZV2I8cIQd1NKEZ+0owSTG1fDTci4IqFcE=
golang.org/x/xerrors v0.0.0-20200804184101-5ec99f83aff1/go.mod h1:I/5z698sn9Ka8TeJc9MKroUUfqBBauWjQqLJ2OPfmY0=
