github.com/google/go-cmp v0.5.5 h1:Khx7svrCpmxxtHBq5j2mp/xVjsi8hQMfNLvJFAlrGgU=
github.com/google/go-cmp v0.5.5/go.mod h1:v8dTdLbMG2kIc/vJvl+f65V22dbkXbowE6jgT/gNBxE=
github.com/leep-frog/command v0.0.0-20220112151342-7fe90023cb19 h1:g8BqiL1H4XS//k0e70im+a/BruhnSSp2gzG3v23Drtc=
github.com/leep-frog/command v0.0.0-20220112151342-7fe90023cb19/go.mod h1:ir5/yEP+6f6CQa4NivSdA1lPeyq+nouR7WjSfdXnL8g=
github.com/leep-frog/command v0.0.0-20220121191544-e63808c1fae4 h1:CF1eedE+MhNPim680YTaZUCG3VlxbFKHaX26Xzn0TzI=
github.com/leep-frog/command v0.0.0-20220121191544-e63808c1fae4/go.mod h1:u8VAqAZpazWvSHp5wlOjmLTl3iK6TV/+UK/zTZREXdQ=
github.com/leep-frog/command v0.0.0-20220205190116-f4a9c32440a7 h1:4Jos40bPo0NSnL4nqiTLNTwThcyfqi+QsbD8o5BSErc=
github.com/leep-frog/command v0.0.0-20220205190116-f4a9c32440a7/go.mod h1:OzQO2ZTajdJFOAuNdry7N0CzRnW3BAnBGMVGC3pWQ3I=
github.com/leep-frog/command v0.0.0-20220303170403-ae088fdbf9cf h1:tKFt+RphCmh0UFY4m7WcS5VxhnV7hC/VIwbXc4PmWGU=
github.com/leep-frog/command v0.0.0-20220303170403-ae088fdbf9cf/go.mod h1:OzQO2ZTajdJFOAuNdry7N0CzRnW3BAnBGMVGC3pWQ3I=
github.com/leep-frog/command v0.0.0-20220321155643-b85b8463c7fa h1:H4rWNlO7XL82MTnAftg3JtPko/OLfsV1pqxhmrBwfqY=
github.com/leep-frog/command v0.0.0-20220321155643-b85b8463c7fa/go.mod h1:fENOaVkhnQ/AKhBy7Pbkpd2l65h9R5ZQEspLn6bjNIE=
github.com/leep-frog/command v0.0.0-20220501224242-4e9d9f579f35 h1:sSa7SLPvLrAvkdwt1bQtzwOoFzcCKVVnsok8k23ru94=
github.com/leep-frog/command v0.0.0-20220501224242-4e9d9f579f35/go.mod h1:fENOaVkhnQ/AKhBy7Pbkpd2l65h9R5ZQEspLn6bjNIE=
github.com/leep-frog/command v0.0.0-20220502012811-ab0a7316590b h1:rXvrva2ZQzTadot0XLLCr9k8C+Gmwj/tBvLHEvMpSLY=
github.com/leep-frog/command v0.0.0-20220502012811-ab0a7316590b/go.mod h1:fENOaVkhnQ/AKhBy7Pbkpd2l65h9R5ZQEspLn6bjNIE=
github.com/leep-frog/command v0.0.0-20220505190136-62a2bf362d30 h1:Z6wUAuJDacZ0imwZHxPOABq0bgnggE1acRH+ybqxr5g=
github.com/leep-frog/command v0.0.0-20220505190136-62a2bf362d30/go.mod h1:fENOaVkhnQ/AKhBy7Pbkpd2l65h9R5ZQEspLn6bjNIE=
golang.org/x/exp v0.0.0-20220321124402-2d6d886f8a82 h1:P3h2IfqHFILVjDaCKXyuKMprdEyIbrbKevbf2EB6lQI=
golang.org/x/exp v0.0.0-20220321124402-2d6d886f8a82/go.mod h1:lgLbSvA5ygNOMpwM/9anMpWVlVJ7Z+cHWq/eFuinpGE=
golang.org/x/mod v0.6.0-dev.0.20211013180041-c96bc1413d57 h1:LQmS1nU0twXLA96Kt7U9qtHJEbBk3z6Q0V4UXjZkpr4=
golang.org/x/xerrors v0.0.0-20191204190536-9bdfabe68543 h1:E7g+9GITq07hpfrRu66IVDexMakfv52eLZ2CXBWiKr4=
golang.org/x/xerrors v0.0.0-20191204190536-9bdfabe68543/go.mod h1:I/5z698sn9Ka8TeJc9MKroUUfqBBauWjQqLJ2OPfmY0=
golang.org/x/xerrors v0.0.0-20200804184101-5ec99f83aff1 h1:go1bK/D/BFZV2I8cIQd1NKEZ+0owSTG1fDTci4IqFcE=
golang.org/x/xerrors v0.0.0-20200804184101-5ec99f83aff1/go.mod h1:I/5z698sn9Ka8TeJc9MKroUUfqBBauWjQqLJ2OPfmY0=
