github.com/google/go-cmp v0.5.5 h1:Khx7svrCpmxxtHBq5j2mp/xVjsi8hQMfNLvJFAlrGgU=
github.com/google/go-cmp v0.5.5/go.mod h1:v8dTdLbMG2kIc/vJvl+f65V22dbkXbowE6jgT/gNBxE=
github.com/leep-frog/command v0.0.0-20220712233542-d75fc2d25b4d h1:DhvHjz4tEMH/8VjPYwJWGo/wwtbFu2Hv4IiyrB32Yus=
github.com/leep-frog/command v0.0.0-20220712233542-d75fc2d25b4d/go.mod h1:Rd1Wj9R6mxmO2cPMosUt72SwGFr68HOdykDbwVMwWE4=
github.com/leep-frog/command v0.0.0-20220819210639-da472f9b992d h1:rjqPqhI1MhvJ8IlqNQGcKaKtGvH0WcRw6s97PPoHd0Q=
github.com/leep-frog/command v0.0.0-20220819210639-da472f9b992d/go.mod h1:Rd1Wj9R6mxmO2cPMosUt72SwGFr68HOdykDbwVMwWE4=
github.com/leep-frog/command v0.0.0-20220820035330-c356b6c0031c h1:DGPuoZ8I2ea0mSoJpAeD3VoveCz/t1Ksvvsi2T0EbBg=
github.com/leep-frog/command v0.0.0-20220820035330-c356b6c0031c/go.mod h1:Rd1Wj9R6mxmO2cPMosUt72SwGFr68HOdykDbwVMwWE4=
github.com/leep-frog/command v0.0.0-20220913175955-ecdd7a1059e5 h1:4C9Q+SWaIjMu5a0w5kfw0/Xwte44KxGUZSuqy71yIM4=
github.com/leep-frog/command v0.0.0-20220913175955-ecdd7a1059e5/go.mod h1:Rd1Wj9R6mxmO2cPMosUt72SwGFr68HOdykDbwVMwWE4=
github.com/leep-frog/command v0.0.0-20220919163424-f23c52359ba2 h1:jSWo5Oq8zrb1mumIR2qSFHHUy4N/Nq61/PhXqYJt2PY=
github.com/leep-frog/command v0.0.0-20220919163424-f23c52359ba2/go.mod h1:Rd1Wj9R6mxmO2cPMosUt72SwGFr68HOdykDbwVMwWE4=
github.com/leep-frog/command v0.0.0-20220919185821-d2b691244b7f h1:OzA2cCPKJAREhtzaaIMDRNgo+9++01QmbE2WcU3+DQ0=
github.com/leep-frog/command v0.0.0-20220919185821-d2b691244b7f/go.mod h1:Rd1Wj9R6mxmO2cPMosUt72SwGFr68HOdykDbwVMwWE4=
github.com/leep-frog/command v0.0.0-20220919193035-4fde8face7ad h1:pHmvY4ngxKj8qZG2gIXYSMB9jsMLIamnGLQqLZWRD2M=
github.com/leep-frog/command v0.0.0-20220919193035-4fde8face7ad/go.mod h1:Rd1Wj9R6mxmO2cPMosUt72SwGFr68HOdykDbwVMwWE4=
github.com/leep-frog/command v0.0.0-20220920141132-2daa81e21b1b h1:vAU+FDeVrrk22IyQI7kgE8z/5cSsjdn/EiqEbzab7QI=
github.com/leep-frog/command v0.0.0-20220920141132-2daa81e21b1b/go.mod h1:Rd1Wj9R6mxmO2cPMosUt72SwGFr68HOdykDbwVMwWE4=
github.com/leep-frog/command v0.0.0-20220920143717-e0c506afae3f h1:4v4fWZLZpCc8JbdQgS93hA9B7YJj1lU6+iNVDT0XFeE=
github.com/leep-frog/command v0.0.0-20220920143717-e0c506afae3f/go.mod h1:Rd1Wj9R6mxmO2cPMosUt72SwGFr68HOdykDbwVMwWE4=
github.com/leep-frog/command v0.0.0-20220920181139-f053c9ee74b5 h1:ab7sEZqhROGnWPTxHa0Y9saMPvV8Gx5wdaNr54Lu6O8=
github.com/leep-frog/command v0.0.0-20220920181139-f053c9ee74b5/go.mod h1:Rd1Wj9R6mxmO2cPMosUt72SwGFr68HOdykDbwVMwWE4=
github.com/leep-frog/command v0.0.0-20220920190148-43c974c5b62e h1:/X/K3TEosN/RrPzAIm6izSwSrwjN0qkUXh0Ka9xprnc=
github.com/leep-frog/command v0.0.0-20220920190148-43c974c5b62e/go.mod h1:Rd1Wj9R6mxmO2cPMosUt72SwGFr68HOdykDbwVMwWE4=
github.com/leep-frog/command v0.0.0-20220921131832-e685be472a19 h1:N+bzuQeR8OgdKTyb15X6SoTdWjnFbv2cOPvV2ufZeHo=
github.com/leep-frog/command v0.0.0-20220921131832-e685be472a19/go.mod h1:Rd1Wj9R6mxmO2cPMosUt72SwGFr68HOdykDbwVMwWE4=
github.com/leep-frog/command v0.0.0-20220921154818-86840d7e70b7 h1:DAOgELE0U2fNxwzJyh3KFjU4vaL7onKSpS3ww6/iqi0=
github.com/leep-frog/command v0.0.0-20220921154818-86840d7e70b7/go.mod h1:Rd1Wj9R6mxmO2cPMosUt72SwGFr68HOdykDbwVMwWE4=
github.com/leep-frog/command v0.0.0-20220921160008-ad8012c0bdee h1:vaZaaZRzvvhmWgOt/duhpB0ZY/65lBUK9yWGLKZEd3I=
github.com/leep-frog/command v0.0.0-20220921160008-ad8012c0bdee/go.mod h1:Rd1Wj9R6mxmO2cPMosUt72SwGFr68HOdykDbwVMwWE4=
github.com/leep-frog/command v0.0.0-20221002175158-31291e576c63 h1:tXNqIErTW/H+VbOzRA0TcHUjD3EpW8G4OdpEjE0bCc4=
github.com/leep-frog/command v0.0.0-20221002175158-31291e576c63/go.mod h1:Rd1Wj9R6mxmO2cPMosUt72SwGFr68HOdykDbwVMwWE4=
github.com/leep-frog/command v0.0.0-20221023162657-1e8a0ad02571 h1:2JON/HC/VyA/P3UNEhfAOEoP4OahTyLhK7+/ljDFUZg=
github.com/leep-frog/command v0.0.0-20221023162657-1e8a0ad02571/go.mod h1:Rd1Wj9R6mxmO2cPMosUt72SwGFr68HOdykDbwVMwWE4=
github.com/leep-frog/command v0.0.0-20221023162851-eca08e73fa4b h1:DCDqNZiA7vLN/R6wMUuIGNUxYhOCpFdKWAXUASQxpus=
github.com/leep-frog/command v0.0.0-20221023162851-eca08e73fa4b/go.mod h1:Rd1Wj9R6mxmO2cPMosUt72SwGFr68HOdykDbwVMwWE4=
github.com/leep-frog/command v0.0.0-20221130024830-a5af8f405045 h1:X5WmhtvbibMYhs9Hq8fL1vHgcTKUTE9YU45FFC4CU/U=
github.com/leep-frog/command v0.0.0-20221130024830-a5af8f405045/go.mod h1:Rd1Wj9R6mxmO2cPMosUt72SwGFr68HOdykDbwVMwWE4=
github.com/leep-frog/command v0.0.0-20221214140908-ad464ca041e7 h1:A1bdjxhRUnVfT+UCaac7aKGdpmsx1W2foZSDNCatEGs=
github.com/leep-frog/command v0.0.0-20221214140908-ad464ca041e7/go.mod h1:Rd1Wj9R6mxmO2cPMosUt72SwGFr68HOdykDbwVMwWE4=
github.com/leep-frog/command v0.0.0-20221222151304-136bb82b40c2 h1:OFdJILeBcMRBZ6mYTMU5RTMd72NKkPN2HWa8qPv2EH8=
github.com/leep-frog/command v0.0.0-20221222151304-136bb82b40c2/go.mod h1:Rd1Wj9R6mxmO2cPMosUt72SwGFr68HOdykDbwVMwWE4=
github.com/leep-frog/command v0.0.0-20221222153906-c752b299b964 h1:rCKhOpfrK2FbyoWoYGfr+11kZ44VyMjpBPVjFEC0SqM=
github.com/leep-frog/command v0.0.0-20221222153906-c752b299b964/go.mod h1:Rd1Wj9R6mxmO2cPMosUt72SwGFr68HOdykDbwVMwWE4=
github.com/leep-frog/command v0.0.0-20221222155301-3aec7214f601 h1:qzHgQM0infwfx3G+xaQ7lEBQ3gcyU8M6VcAq/zmEtVM=
github.com/leep-frog/command v0.0.0-20221222155301-3aec7214f601/go.mod h1:Rd1Wj9R6mxmO2cPMosUt72SwGFr68HOdykDbwVMwWE4=
github.com/leep-frog/command v0.0.0-20230130194339-5192720eb044 h1:3kgCI/oXKrpm8XNISnhd/tLwI1tcNM5xes/8y9SKs1Y=
github.com/leep-frog/command v0.0.0-20230130194339-5192720eb044/go.mod h1:Rd1Wj9R6mxmO2cPMosUt72SwGFr68HOdykDbwVMwWE4=
github.com/leep-frog/command v0.0.0-20230201141701-15642cfdf7b3 h1:3T1ChNcxCPkS8O+j0ISLreBZHw3/gyLVhPPL+yiBrpY=
github.com/leep-frog/command v0.0.0-20230201141701-15642cfdf7b3/go.mod h1:Rd1Wj9R6mxmO2cPMosUt72SwGFr68HOdykDbwVMwWE4=
golang.org/x/exp v0.0.0-20220321124402-2d6d886f8a82 h1:P3h2IfqHFILVjDaCKXyuKMprdEyIbrbKevbf2EB6lQI=
golang.org/x/exp v0.0.0-20220321124402-2d6d886f8a82/go.mod h1:lgLbSvA5ygNOMpwM/9anMpWVlVJ7Z+cHWq/eFuinpGE=
golang.org/x/xerrors v0.0.0-20191204190536-9bdfabe68543/go.mod h1:I/5z698sn9Ka8TeJc9MKroUUfqBBauWjQqLJ2OPfmY0=
golang.org/x/xerrors v0.0.0-20200804184101-5ec99f83aff1 h1:go1bK/D/BFZV2I8cIQd1NKEZ+0owSTG1fDTci4IqFcE=
golang.org/x/xerrors v0.0.0-20200804184101-5ec99f83aff1/go.mod h1:I/5z698sn9Ka8TeJc9MKroUUfqBBauWjQqLJ2OPfmY0=
